
Microsoft Visual Studio Solution File, Format Version 12.00
# Visual Studio 15
VisualStudioVersion = 15.0.28010.2046
MinimumVisualStudioVersion = 10.0.40219.1
Project("{FAE04EC0-301F-11D3-BF4B-00C04F79EFBC}") = "Dfc.ProviderPortal.Lars.LearningDelivery", "src\Dfc.ProviderPortal.Lars.LearningDelivery\Dfc.ProviderPortal.Lars.LearningDelivery.csproj", "{F3642E80-9510-4BEF-AC45-C88548DDD672}"
EndProject
Project("{FAE04EC0-301F-11D3-BF4B-00C04F79EFBC}") = "Dfc.ProviderPortal.Lars.LearningDelivery.Tests", "tests\Dfc.ProviderPortal.Lars.LearningDelivery.Tests\Dfc.ProviderPortal.Lars.LearningDelivery.Tests.csproj", "{56EF9EF7-3FFD-43D8-847E-DE78D16ED26A}"
EndProject
Global
	GlobalSection(SolutionConfigurationPlatforms) = preSolution
		Debug|Any CPU = Debug|Any CPU
		Release|Any CPU = Release|Any CPU
	EndGlobalSection
	GlobalSection(ProjectConfigurationPlatforms) = postSolution
		{F3642E80-9510-4BEF-AC45-C88548DDD672}.Debug|Any CPU.ActiveCfg = Debug|Any CPU
		{F3642E80-9510-4BEF-AC45-C88548DDD672}.Debug|Any CPU.Build.0 = Debug|Any CPU
		{F3642E80-9510-4BEF-AC45-C88548DDD672}.Release|Any CPU.ActiveCfg = Release|Any CPU
		{F3642E80-9510-4BEF-AC45-C88548DDD672}.Release|Any CPU.Build.0 = Release|Any CPU
		{56EF9EF7-3FFD-43D8-847E-DE78D16ED26A}.Debug|Any CPU.ActiveCfg = Debug|Any CPU
		{56EF9EF7-3FFD-43D8-847E-DE78D16ED26A}.Debug|Any CPU.Build.0 = Debug|Any CPU
		{56EF9EF7-3FFD-43D8-847E-DE78D16ED26A}.Release|Any CPU.ActiveCfg = Release|Any CPU
		{56EF9EF7-3FFD-43D8-847E-DE78D16ED26A}.Release|Any CPU.Build.0 = Release|Any CPU
	EndGlobalSection
	GlobalSection(SolutionProperties) = preSolution
		HideSolutionNode = FALSE
	EndGlobalSection
	GlobalSection(ExtensibilityGlobals) = postSolution
		SolutionGuid = {DE7F6C4A-1B09-4FC6-B008-FE7F27009B7C}
	EndGlobalSection
EndGlobal
